
Microsoft Visual Studio Solution File, Format Version 12.00
# Visual Studio 15
VisualStudioVersion = 15.0.26403.3
MinimumVisualStudioVersion = 10.0.40219.1
Project("{FAE04EC0-301F-11D3-BF4B-00C04F79EFBC}") = "WebService", "WebService\WebService.csproj", "{A9F27B12-6483-461E-BD5E-BF227AD2E66C}"
EndProject
Project("{2150E333-8FDC-42A3-9474-1A3956D46DE8}") = "Data", "Data", "{906A7439-1E4A-4290-8254-5F69BC1AD867}"
	ProjectSection(SolutionItems) = preProject
		Data\callback_request.json = Data\callback_request.json
		Data\employees.json = Data\employees.json
		Data\employees.txt = Data\employees.txt
	EndProjectSection
EndProject
Project("{FAE04EC0-301F-11D3-BF4B-00C04F79EFBC}") = "JsonEmployeeGenerator", "JsonEmployeeGenerator\JsonEmployeeGenerator.csproj", "{4F88BA2B-455B-407A-89EC-2A28F2702E44}"
EndProject
Project("{FAE04EC0-301F-11D3-BF4B-00C04F79EFBC}") = "EmployeeArriveWebApi", "EmployeeArriveWebApi\EmployeeArriveWebApi.csproj", "{8CB698E2-B1CE-4650-BE87-0299AF926042}"
EndProject
Project("{FAE04EC0-301F-11D3-BF4B-00C04F79EFBC}") = "ReportTool", "ReportTool\ReportTool.csproj", "{1271C24C-8F93-493A-800F-3A3A20361F58}"
EndProject
Global
	GlobalSection(SolutionConfigurationPlatforms) = preSolution
		Debug|Any CPU = Debug|Any CPU
		Release|Any CPU = Release|Any CPU
	EndGlobalSection
	GlobalSection(ProjectConfigurationPlatforms) = postSolution
		{A9F27B12-6483-461E-BD5E-BF227AD2E66C}.Debug|Any CPU.ActiveCfg = Debug|Any CPU
		{A9F27B12-6483-461E-BD5E-BF227AD2E66C}.Debug|Any CPU.Build.0 = Debug|Any CPU
		{A9F27B12-6483-461E-BD5E-BF227AD2E66C}.Release|Any CPU.ActiveCfg = Release|Any CPU
		{A9F27B12-6483-461E-BD5E-BF227AD2E66C}.Release|Any CPU.Build.0 = Release|Any CPU
		{4F88BA2B-455B-407A-89EC-2A28F2702E44}.Debug|Any CPU.ActiveCfg = Debug|Any CPU
		{4F88BA2B-455B-407A-89EC-2A28F2702E44}.Debug|Any CPU.Build.0 = Debug|Any CPU
		{4F88BA2B-455B-407A-89EC-2A28F2702E44}.Release|Any CPU.ActiveCfg = Release|Any CPU
		{4F88BA2B-455B-407A-89EC-2A28F2702E44}.Release|Any CPU.Build.0 = Release|Any CPU
		{8CB698E2-B1CE-4650-BE87-0299AF926042}.Debug|Any CPU.ActiveCfg = Debug|Any CPU
		{8CB698E2-B1CE-4650-BE87-0299AF926042}.Debug|Any CPU.Build.0 = Debug|Any CPU
		{8CB698E2-B1CE-4650-BE87-0299AF926042}.Release|Any CPU.ActiveCfg = Release|Any CPU
		{8CB698E2-B1CE-4650-BE87-0299AF926042}.Release|Any CPU.Build.0 = Release|Any CPU
		{1271C24C-8F93-493A-800F-3A3A20361F58}.Debug|Any CPU.ActiveCfg = Debug|Any CPU
		{1271C24C-8F93-493A-800F-3A3A20361F58}.Debug|Any CPU.Build.0 = Debug|Any CPU
		{1271C24C-8F93-493A-800F-3A3A20361F58}.Release|Any CPU.ActiveCfg = Release|Any CPU
		{1271C24C-8F93-493A-800F-3A3A20361F58}.Release|Any CPU.Build.0 = Release|Any CPU
	EndGlobalSection
	GlobalSection(SolutionProperties) = preSolution
		HideSolutionNode = FALSE
	EndGlobalSection
EndGlobal
